// !$*UTF8*$!
{
	archiveVersion = 1;
	classes = {
	};
	objectVersion = 46;
	objects = {

/* Begin PBXBuildFile section */
		340461CE1A555D26000941D4 /* IApiEnum.swift in Sources */ = {isa = PBXBuildFile; fileRef = 340461CD1A555D26000941D4 /* IApiEnum.swift */; };
		340461D01A555ECC000941D4 /* MaketDataType.swift in Sources */ = {isa = PBXBuildFile; fileRef = 340461CF1A555ECC000941D4 /* MaketDataType.swift */; };
		340777421A56C4AB00441C73 /* EClientSocket.swift in Sources */ = {isa = PBXBuildFile; fileRef = 340777411A56C4AB00441C73 /* EClientSocket.swift */; };
		3439F7BE1A54C53500B498D4 /* AnyWrapper.swift in Sources */ = {isa = PBXBuildFile; fileRef = 3439F7BD1A54C53500B498D4 /* AnyWrapper.swift */; };
		3439F7C11A54CA4000B498D4 /* AnyWrapperMsgGenerator.swift in Sources */ = {isa = PBXBuildFile; fileRef = 3439F7C01A54CA4000B498D4 /* AnyWrapperMsgGenerator.swift */; };
		3439F7C31A54CEB700B498D4 /* Builder.swift in Sources */ = {isa = PBXBuildFile; fileRef = 3439F7C21A54CEB700B498D4 /* Builder.swift */; };
		3439F7C51A54F47900B498D4 /* ComboLeg.swift in Sources */ = {isa = PBXBuildFile; fileRef = 3439F7C41A54F47900B498D4 /* ComboLeg.swift */; };
		3439F7C71A5507C000B498D4 /* CommissionReport.swift in Sources */ = {isa = PBXBuildFile; fileRef = 3439F7C61A5507C000B498D4 /* CommissionReport.swift */; };
		3439F7C91A550ECF00B498D4 /* Contract.swift in Sources */ = {isa = PBXBuildFile; fileRef = 3439F7C81A550ECF00B498D4 /* Contract.swift */; };
		346732F91A5552BE00D9BCB5 /* EClientErrors.swift in Sources */ = {isa = PBXBuildFile; fileRef = 346732F81A5552BE00D9BCB5 /* EClientErrors.swift */; };
		346732FB1A55576800D9BCB5 /* Execution.swift in Sources */ = {isa = PBXBuildFile; fileRef = 346732FA1A55576800D9BCB5 /* Execution.swift */; };
		346732FD1A5558EF00D9BCB5 /* ExecutionFilter.swift in Sources */ = {isa = PBXBuildFile; fileRef = 346732FC1A5558EF00D9BCB5 /* ExecutionFilter.swift */; };
		346868561A55151600D1B287 /* Util.swift in Sources */ = {isa = PBXBuildFile; fileRef = 346868551A55151600D1B287 /* Util.swift */; };
		346868581A551ADA00D1B287 /* UnderComp.swift in Sources */ = {isa = PBXBuildFile; fileRef = 346868571A551ADA00D1B287 /* UnderComp.swift */; };
		3468685A1A551CBD00D1B287 /* ContractDetails.swift in Sources */ = {isa = PBXBuildFile; fileRef = 346868591A551CBD00D1B287 /* ContractDetails.swift */; };
		3468685C1A551FC300D1B287 /* TagValue.swift in Sources */ = {isa = PBXBuildFile; fileRef = 3468685B1A551FC300D1B287 /* TagValue.swift */; };
		34CD9BF61A55683C00A76E76 /* OrderComboLeg.swift in Sources */ = {isa = PBXBuildFile; fileRef = 34CD9BF51A55683C00A76E76 /* OrderComboLeg.swift */; };
		34CD9BF81A556AD600A76E76 /* OrderState.swift in Sources */ = {isa = PBXBuildFile; fileRef = 34CD9BF71A556AD600A76E76 /* OrderState.swift */; };
		34CD9BFA1A5575CE00A76E76 /* TickType.swift in Sources */ = {isa = PBXBuildFile; fileRef = 34CD9BF91A5575CE00A76E76 /* TickType.swift */; };
		34CD9BFC1A55779000A76E76 /* ScannerSubscription.swift in Sources */ = {isa = PBXBuildFile; fileRef = 34CD9BFB1A55779000A76E76 /* ScannerSubscription.swift */; };
		34CD9BFE1A5578CA00A76E76 /* Order.swift in Sources */ = {isa = PBXBuildFile; fileRef = 34CD9BFD1A5578CA00A76E76 /* Order.swift */; };
		34DCBE311A575F7000E13C6A /* EReader.swift in Sources */ = {isa = PBXBuildFile; fileRef = 34DCBE301A575F7000E13C6A /* EReader.swift */; };
		34E5C74E1A54201E00FB117C /* main.swift in Sources */ = {isa = PBXBuildFile; fileRef = 34E5C74D1A54201E00FB117C /* main.swift */; };
		34EFD52D1A56CE16009C433B /* EWrapper.swift in Sources */ = {isa = PBXBuildFile; fileRef = 34EFD52C1A56CE16009C433B /* EWrapper.swift */; };
		34EFD52F1A56D011009C433B /* EWrapperMsgGenerator.swift in Sources */ = {isa = PBXBuildFile; fileRef = 34EFD52E1A56D011009C433B /* EWrapperMsgGenerator.swift */; };
/* End PBXBuildFile section */

/* Begin PBXCopyFilesBuildPhase section */
		34E5C7481A54201E00FB117C /* CopyFiles */ = {
			isa = PBXCopyFilesBuildPhase;
			buildActionMask = 2147483647;
			dstPath = /usr/share/man/man1/;
			dstSubfolderSpec = 0;
			files = (
			);
			runOnlyForDeploymentPostprocessing = 1;
		};
/* End PBXCopyFilesBuildPhase section */

/* Begin PBXFileReference section */
		340461CD1A555D26000941D4 /* IApiEnum.swift */ = {isa = PBXFileReference; fileEncoding = 4; lastKnownFileType = sourcecode.swift; path = IApiEnum.swift; sourceTree = "<group>"; };
		340461CF1A555ECC000941D4 /* MaketDataType.swift */ = {isa = PBXFileReference; fileEncoding = 4; lastKnownFileType = sourcecode.swift; path = MaketDataType.swift; sourceTree = "<group>"; };
		34055F831A57DF550056D899 /* SwiftIB-Bridging-Header.h */ = {isa = PBXFileReference; fileEncoding = 4; lastKnownFileType = sourcecode.c.h; path = "SwiftIB-Bridging-Header.h"; sourceTree = "<group>"; };
		340777411A56C4AB00441C73 /* EClientSocket.swift */ = {isa = PBXFileReference; fileEncoding = 4; lastKnownFileType = sourcecode.swift; path = EClientSocket.swift; sourceTree = "<group>"; };
		3439F7BD1A54C53500B498D4 /* AnyWrapper.swift */ = {isa = PBXFileReference; fileEncoding = 4; lastKnownFileType = sourcecode.swift; path = AnyWrapper.swift; sourceTree = "<group>"; };
		3439F7C01A54CA4000B498D4 /* AnyWrapperMsgGenerator.swift */ = {isa = PBXFileReference; fileEncoding = 4; lastKnownFileType = sourcecode.swift; path = AnyWrapperMsgGenerator.swift; sourceTree = "<group>"; };
		3439F7C21A54CEB700B498D4 /* Builder.swift */ = {isa = PBXFileReference; fileEncoding = 4; lastKnownFileType = sourcecode.swift; path = Builder.swift; sourceTree = "<group>"; };
		3439F7C41A54F47900B498D4 /* ComboLeg.swift */ = {isa = PBXFileReference; fileEncoding = 4; lastKnownFileType = sourcecode.swift; path = ComboLeg.swift; sourceTree = "<group>"; };
		3439F7C61A5507C000B498D4 /* CommissionReport.swift */ = {isa = PBXFileReference; fileEncoding = 4; lastKnownFileType = sourcecode.swift; path = CommissionReport.swift; sourceTree = "<group>"; };
		3439F7C81A550ECF00B498D4 /* Contract.swift */ = {isa = PBXFileReference; fileEncoding = 4; lastKnownFileType = sourcecode.swift; path = Contract.swift; sourceTree = "<group>"; };
		346732F81A5552BE00D9BCB5 /* EClientErrors.swift */ = {isa = PBXFileReference; fileEncoding = 4; lastKnownFileType = sourcecode.swift; path = EClientErrors.swift; sourceTree = "<group>"; };
		346732FA1A55576800D9BCB5 /* Execution.swift */ = {isa = PBXFileReference; fileEncoding = 4; lastKnownFileType = sourcecode.swift; path = Execution.swift; sourceTree = "<group>"; };
		346732FC1A5558EF00D9BCB5 /* ExecutionFilter.swift */ = {isa = PBXFileReference; fileEncoding = 4; lastKnownFileType = sourcecode.swift; path = ExecutionFilter.swift; sourceTree = "<group>"; };
		346868551A55151600D1B287 /* Util.swift */ = {isa = PBXFileReference; fileEncoding = 4; lastKnownFileType = sourcecode.swift; path = Util.swift; sourceTree = "<group>"; };
		346868571A551ADA00D1B287 /* UnderComp.swift */ = {isa = PBXFileReference; fileEncoding = 4; lastKnownFileType = sourcecode.swift; path = UnderComp.swift; sourceTree = "<group>"; };
		346868591A551CBD00D1B287 /* ContractDetails.swift */ = {isa = PBXFileReference; fileEncoding = 4; lastKnownFileType = sourcecode.swift; path = ContractDetails.swift; sourceTree = "<group>"; };
		3468685B1A551FC300D1B287 /* TagValue.swift */ = {isa = PBXFileReference; fileEncoding = 4; lastKnownFileType = sourcecode.swift; path = TagValue.swift; sourceTree = "<group>"; };
		34CD9BF51A55683C00A76E76 /* OrderComboLeg.swift */ = {isa = PBXFileReference; fileEncoding = 4; lastKnownFileType = sourcecode.swift; path = OrderComboLeg.swift; sourceTree = "<group>"; };
		34CD9BF71A556AD600A76E76 /* OrderState.swift */ = {isa = PBXFileReference; fileEncoding = 4; lastKnownFileType = sourcecode.swift; path = OrderState.swift; sourceTree = "<group>"; };
		34CD9BF91A5575CE00A76E76 /* TickType.swift */ = {isa = PBXFileReference; fileEncoding = 4; lastKnownFileType = sourcecode.swift; path = TickType.swift; sourceTree = "<group>"; };
		34CD9BFB1A55779000A76E76 /* ScannerSubscription.swift */ = {isa = PBXFileReference; fileEncoding = 4; lastKnownFileType = sourcecode.swift; path = ScannerSubscription.swift; sourceTree = "<group>"; };
		34CD9BFD1A5578CA00A76E76 /* Order.swift */ = {isa = PBXFileReference; fileEncoding = 4; lastKnownFileType = sourcecode.swift; path = Order.swift; sourceTree = "<group>"; };
		34DCBE301A575F7000E13C6A /* EReader.swift */ = {isa = PBXFileReference; fileEncoding = 4; lastKnownFileType = sourcecode.swift; path = EReader.swift; sourceTree = "<group>"; };
		34E5C74A1A54201E00FB117C /* SwiftIB */ = {isa = PBXFileReference; explicitFileType = "compiled.mach-o.executable"; includeInIndex = 0; path = SwiftIB; sourceTree = BUILT_PRODUCTS_DIR; };
		34E5C74D1A54201E00FB117C /* main.swift */ = {isa = PBXFileReference; lastKnownFileType = sourcecode.swift; path = main.swift; sourceTree = "<group>"; };
		34EFD52C1A56CE16009C433B /* EWrapper.swift */ = {isa = PBXFileReference; fileEncoding = 4; lastKnownFileType = sourcecode.swift; path = EWrapper.swift; sourceTree = "<group>"; };
		34EFD52E1A56D011009C433B /* EWrapperMsgGenerator.swift */ = {isa = PBXFileReference; fileEncoding = 4; lastKnownFileType = sourcecode.swift; path = EWrapperMsgGenerator.swift; sourceTree = "<group>"; };
/* End PBXFileReference section */

/* Begin PBXFrameworksBuildPhase section */
		34E5C7471A54201E00FB117C /* Frameworks */ = {
			isa = PBXFrameworksBuildPhase;
			buildActionMask = 2147483647;
			files = (
			);
			runOnlyForDeploymentPostprocessing = 0;
		};
/* End PBXFrameworksBuildPhase section */

/* Begin PBXGroup section */
		3439F7BF1A54CA2F00B498D4 /* client */ = {
			isa = PBXGroup;
			children = (
				3439F7BD1A54C53500B498D4 /* AnyWrapper.swift */,
				3439F7C01A54CA4000B498D4 /* AnyWrapperMsgGenerator.swift */,
				3439F7C21A54CEB700B498D4 /* Builder.swift */,
				3439F7C41A54F47900B498D4 /* ComboLeg.swift */,
				3439F7C61A5507C000B498D4 /* CommissionReport.swift */,
				3439F7C81A550ECF00B498D4 /* Contract.swift */,
				346868591A551CBD00D1B287 /* ContractDetails.swift */,
				346732F81A5552BE00D9BCB5 /* EClientErrors.swift */,
				346732FA1A55576800D9BCB5 /* Execution.swift */,
				346732FC1A5558EF00D9BCB5 /* ExecutionFilter.swift */,
				340461CD1A555D26000941D4 /* IApiEnum.swift */,
				340461CF1A555ECC000941D4 /* MaketDataType.swift */,
				34CD9BFD1A5578CA00A76E76 /* Order.swift */,
				34CD9BF51A55683C00A76E76 /* OrderComboLeg.swift */,
				34CD9BF71A556AD600A76E76 /* OrderState.swift */,
				34CD9BFB1A55779000A76E76 /* ScannerSubscription.swift */,
				3468685B1A551FC300D1B287 /* TagValue.swift */,
				34CD9BF91A5575CE00A76E76 /* TickType.swift */,
				346868571A551ADA00D1B287 /* UnderComp.swift */,
				346868551A55151600D1B287 /* Util.swift */,
				340777411A56C4AB00441C73 /* EClientSocket.swift */,
				34EFD52C1A56CE16009C433B /* EWrapper.swift */,
				34EFD52E1A56D011009C433B /* EWrapperMsgGenerator.swift */,
				34DCBE301A575F7000E13C6A /* EReader.swift */,
			);
			name = client;
			sourceTree = "<group>";
		};
		34E5C7411A54201E00FB117C = {
			isa = PBXGroup;
			children = (
				34E5C74C1A54201E00FB117C /* SwiftIB */,
				34E5C74B1A54201E00FB117C /* Products */,
			);
			sourceTree = "<group>";
		};
		34E5C74B1A54201E00FB117C /* Products */ = {
			isa = PBXGroup;
			children = (
				34E5C74A1A54201E00FB117C /* SwiftIB */,
			);
			name = Products;
			sourceTree = "<group>";
		};
		34E5C74C1A54201E00FB117C /* SwiftIB */ = {
			isa = PBXGroup;
			children = (
				3439F7BF1A54CA2F00B498D4 /* client */,
				34E5C74D1A54201E00FB117C /* main.swift */,
				34055F831A57DF550056D899 /* SwiftIB-Bridging-Header.h */,
			);
			path = SwiftIB;
			sourceTree = "<group>";
		};
/* End PBXGroup section */

/* Begin PBXNativeTarget section */
		34E5C7491A54201E00FB117C /* SwiftIB */ = {
			isa = PBXNativeTarget;
			buildConfigurationList = 34E5C7511A54201E00FB117C /* Build configuration list for PBXNativeTarget "SwiftIB" */;
			buildPhases = (
				34E5C7461A54201E00FB117C /* Sources */,
				34E5C7471A54201E00FB117C /* Frameworks */,
				34E5C7481A54201E00FB117C /* CopyFiles */,
			);
			buildRules = (
			);
			dependencies = (
			);
			name = SwiftIB;
			productName = SwiftIB;
			productReference = 34E5C74A1A54201E00FB117C /* SwiftIB */;
			productType = "com.apple.product-type.tool";
		};
/* End PBXNativeTarget section */

/* Begin PBXProject section */
		34E5C7421A54201E00FB117C /* Project object */ = {
			isa = PBXProject;
			attributes = {
				LastUpgradeCheck = 0610;
				ORGANIZATIONNAME = "Hanfei Li";
				TargetAttributes = {
					34E5C7491A54201E00FB117C = {
						CreatedOnToolsVersion = 6.1.1;
					};
				};
			};
			buildConfigurationList = 34E5C7451A54201E00FB117C /* Build configuration list for PBXProject "SwiftIB" */;
			compatibilityVersion = "Xcode 3.2";
			developmentRegion = English;
			hasScannedForEncodings = 0;
			knownRegions = (
				en,
			);
			mainGroup = 34E5C7411A54201E00FB117C;
			productRefGroup = 34E5C74B1A54201E00FB117C /* Products */;
			projectDirPath = "";
			projectRoot = "";
			targets = (
				34E5C7491A54201E00FB117C /* SwiftIB */,
			);
		};
/* End PBXProject section */

/* Begin PBXSourcesBuildPhase section */
		34E5C7461A54201E00FB117C /* Sources */ = {
			isa = PBXSourcesBuildPhase;
			buildActionMask = 2147483647;
			files = (
				3439F7BE1A54C53500B498D4 /* AnyWrapper.swift in Sources */,
				34E5C74E1A54201E00FB117C /* main.swift in Sources */,
				346732FD1A5558EF00D9BCB5 /* ExecutionFilter.swift in Sources */,
				340461CE1A555D26000941D4 /* IApiEnum.swift in Sources */,
				346732FB1A55576800D9BCB5 /* Execution.swift in Sources */,
				3439F7C71A5507C000B498D4 /* CommissionReport.swift in Sources */,
				34CD9BFE1A5578CA00A76E76 /* Order.swift in Sources */,
				34EFD52D1A56CE16009C433B /* EWrapper.swift in Sources */,
				34CD9BF61A55683C00A76E76 /* OrderComboLeg.swift in Sources */,
				346868561A55151600D1B287 /* Util.swift in Sources */,
				3439F7C11A54CA4000B498D4 /* AnyWrapperMsgGenerator.swift in Sources */,
				3468685C1A551FC300D1B287 /* TagValue.swift in Sources */,
				34CD9BFA1A5575CE00A76E76 /* TickType.swift in Sources */,
				34CD9BFC1A55779000A76E76 /* ScannerSubscription.swift in Sources */,
				346868581A551ADA00D1B287 /* UnderComp.swift in Sources */,
				3468685A1A551CBD00D1B287 /* ContractDetails.swift in Sources */,
				3439F7C31A54CEB700B498D4 /* Builder.swift in Sources */,
				34EFD52F1A56D011009C433B /* EWrapperMsgGenerator.swift in Sources */,
				340461D01A555ECC000941D4 /* MaketDataType.swift in Sources */,
				340777421A56C4AB00441C73 /* EClientSocket.swift in Sources */,
				3439F7C91A550ECF00B498D4 /* Contract.swift in Sources */,
				3439F7C51A54F47900B498D4 /* ComboLeg.swift in Sources */,
				34CD9BF81A556AD600A76E76 /* OrderState.swift in Sources */,
				346732F91A5552BE00D9BCB5 /* EClientErrors.swift in Sources */,
				34DCBE311A575F7000E13C6A /* EReader.swift in Sources */,
			);
			runOnlyForDeploymentPostprocessing = 0;
		};
/* End PBXSourcesBuildPhase section */

/* Begin XCBuildConfiguration section */
		34E5C74F1A54201E00FB117C /* Debug */ = {
			isa = XCBuildConfiguration;
			buildSettings = {
				ALWAYS_SEARCH_USER_PATHS = NO;
				CLANG_CXX_LANGUAGE_STANDARD = "gnu++0x";
				CLANG_CXX_LIBRARY = "libc++";
				CLANG_ENABLE_MODULES = YES;
				CLANG_ENABLE_OBJC_ARC = YES;
				CLANG_WARN_BOOL_CONVERSION = YES;
				CLANG_WARN_CONSTANT_CONVERSION = YES;
				CLANG_WARN_DIRECT_OBJC_ISA_USAGE = YES_ERROR;
				CLANG_WARN_EMPTY_BODY = YES;
				CLANG_WARN_ENUM_CONVERSION = YES;
				CLANG_WARN_INT_CONVERSION = YES;
				CLANG_WARN_OBJC_ROOT_CLASS = YES_ERROR;
				CLANG_WARN_UNREACHABLE_CODE = YES;
				CLANG_WARN__DUPLICATE_METHOD_MATCH = YES;
				COPY_PHASE_STRIP = NO;
				ENABLE_STRICT_OBJC_MSGSEND = YES;
				GCC_C_LANGUAGE_STANDARD = gnu99;
				GCC_DYNAMIC_NO_PIC = NO;
				GCC_OPTIMIZATION_LEVEL = 0;
				GCC_PREPROCESSOR_DEFINITIONS = (
					"DEBUG=1",
					"$(inherited)",
				);
				GCC_SYMBOLS_PRIVATE_EXTERN = NO;
				GCC_WARN_64_TO_32_BIT_CONVERSION = YES;
				GCC_WARN_ABOUT_RETURN_TYPE = YES_ERROR;
				GCC_WARN_UNDECLARED_SELECTOR = YES;
				GCC_WARN_UNINITIALIZED_AUTOS = YES_AGGRESSIVE;
				GCC_WARN_UNUSED_FUNCTION = YES;
				GCC_WARN_UNUSED_VARIABLE = YES;
				MACOSX_DEPLOYMENT_TARGET = 10.10;
				MTL_ENABLE_DEBUG_INFO = YES;
				ONLY_ACTIVE_ARCH = YES;
				SDKROOT = macosx;
				SWIFT_OPTIMIZATION_LEVEL = "-Onone";
			};
			name = Debug;
		};
		34E5C7501A54201E00FB117C /* Release */ = {
			isa = XCBuildConfiguration;
			buildSettings = {
				ALWAYS_SEARCH_USER_PATHS = NO;
				CLANG_CXX_LANGUAGE_STANDARD = "gnu++0x";
				CLANG_CXX_LIBRARY = "libc++";
				CLANG_ENABLE_MODULES = YES;
				CLANG_ENABLE_OBJC_ARC = YES;
				CLANG_WARN_BOOL_CONVERSION = YES;
				CLANG_WARN_CONSTANT_CONVERSION = YES;
				CLANG_WARN_DIRECT_OBJC_ISA_USAGE = YES_ERROR;
				CLANG_WARN_EMPTY_BODY = YES;
				CLANG_WARN_ENUM_CONVERSION = YES;
				CLANG_WARN_INT_CONVERSION = YES;
				CLANG_WARN_OBJC_ROOT_CLASS = YES_ERROR;
				CLANG_WARN_UNREACHABLE_CODE = YES;
				CLANG_WARN__DUPLICATE_METHOD_MATCH = YES;
				COPY_PHASE_STRIP = YES;
				DEBUG_INFORMATION_FORMAT = "dwarf-with-dsym";
				ENABLE_NS_ASSERTIONS = NO;
				ENABLE_STRICT_OBJC_MSGSEND = YES;
				GCC_C_LANGUAGE_STANDARD = gnu99;
				GCC_WARN_64_TO_32_BIT_CONVERSION = YES;
				GCC_WARN_ABOUT_RETURN_TYPE = YES_ERROR;
				GCC_WARN_UNDECLARED_SELECTOR = YES;
				GCC_WARN_UNINITIALIZED_AUTOS = YES_AGGRESSIVE;
				GCC_WARN_UNUSED_FUNCTION = YES;
				GCC_WARN_UNUSED_VARIABLE = YES;
				MACOSX_DEPLOYMENT_TARGET = 10.10;
				MTL_ENABLE_DEBUG_INFO = NO;
				SDKROOT = macosx;
			};
			name = Release;
		};
		34E5C7521A54201E00FB117C /* Debug */ = {
			isa = XCBuildConfiguration;
			buildSettings = {
				PRODUCT_NAME = "$(TARGET_NAME)";
				SWIFT_OBJC_BRIDGING_HEADER = "${SRCROOT}/SwiftIB/SwiftIB-Bridging-Header.h";
			};
			name = Debug;
		};
		34E5C7531A54201E00FB117C /* Release */ = {
			isa = XCBuildConfiguration;
			buildSettings = {
				PRODUCT_NAME = "$(TARGET_NAME)";
				SWIFT_OBJC_BRIDGING_HEADER = "${SRCROOT}/SwiftIB/SwiftIB-Bridging-Header.h";
			};
			name = Release;
		};
/* End XCBuildConfiguration section */

/* Begin XCConfigurationList section */
		34E5C7451A54201E00FB117C /* Build configuration list for PBXProject "SwiftIB" */ = {
			isa = XCConfigurationList;
			buildConfigurations = (
				34E5C74F1A54201E00FB117C /* Debug */,
				34E5C7501A54201E00FB117C /* Release */,
			);
			defaultConfigurationIsVisible = 0;
			defaultConfigurationName = Release;
		};
		34E5C7511A54201E00FB117C /* Build configuration list for PBXNativeTarget "SwiftIB" */ = {
			isa = XCConfigurationList;
			buildConfigurations = (
				34E5C7521A54201E00FB117C /* Debug */,
				34E5C7531A54201E00FB117C /* Release */,
			);
			defaultConfigurationIsVisible = 0;
			defaultConfigurationName = Release;
		};
/* End XCConfigurationList section */
	};
	rootObject = 34E5C7421A54201E00FB117C /* Project object */;
}
