// !$*UTF8*$!
{
	archiveVersion = 1;
	classes = {
	};
	objectVersion = 46;
	objects = {

/* Begin PBXBuildFile section */
		346392B81A5FC3F300A32C80 /* AnyWrapper.swift in Sources */ = {isa = PBXBuildFile; fileRef = 34065CD01A5AB2E60043919D /* AnyWrapper.swift */; };
		346392B91A5FC3F300A32C80 /* AnyWrapperMsgGenerator.swift in Sources */ = {isa = PBXBuildFile; fileRef = 34065CD61A5AB2E60043919D /* AnyWrapperMsgGenerator.swift */; };
		346392BA1A5FC3F300A32C80 /* Builder.swift in Sources */ = {isa = PBXBuildFile; fileRef = 34065CCE1A5AB2E60043919D /* Builder.swift */; };
		346392BB1A5FC3F300A32C80 /* ComboLeg.swift in Sources */ = {isa = PBXBuildFile; fileRef = 34065CD71A5AB2E60043919D /* ComboLeg.swift */; };
		346392BC1A5FC3F300A32C80 /* CommissionReport.swift in Sources */ = {isa = PBXBuildFile; fileRef = 34065CD31A5AB2E60043919D /* CommissionReport.swift */; };
		346392BD1A5FC3F300A32C80 /* Contract.swift in Sources */ = {isa = PBXBuildFile; fileRef = 34065CD81A5AB2E60043919D /* Contract.swift */; };
		346392BE1A5FC3F300A32C80 /* ContractDetails.swift in Sources */ = {isa = PBXBuildFile; fileRef = 34065CD91A5AB2E60043919D /* ContractDetails.swift */; };
		346392BF1A5FC3F300A32C80 /* EClientErrors.swift in Sources */ = {isa = PBXBuildFile; fileRef = 34065CD21A5AB2E60043919D /* EClientErrors.swift */; };
		346392C01A5FC3F300A32C80 /* EClientSocket.swift in Sources */ = {isa = PBXBuildFile; fileRef = 34065CCD1A5AB2E60043919D /* EClientSocket.swift */; };
		346392C11A5FC3F300A32C80 /* EReader.swift in Sources */ = {isa = PBXBuildFile; fileRef = 34065CCF1A5AB2E60043919D /* EReader.swift */; };
		346392C21A5FC3F300A32C80 /* EWrapper.swift in Sources */ = {isa = PBXBuildFile; fileRef = 34065CD11A5AB2E60043919D /* EWrapper.swift */; };
		346392C31A5FC3F300A32C80 /* EWrapperMsgGenerator.swift in Sources */ = {isa = PBXBuildFile; fileRef = 34065CD41A5AB2E60043919D /* EWrapperMsgGenerator.swift */; };
		346392C41A5FC3F300A32C80 /* Execution.swift in Sources */ = {isa = PBXBuildFile; fileRef = 34065CDA1A5AB2E60043919D /* Execution.swift */; };
		346392C51A5FC3F300A32C80 /* ExecutionFilter.swift in Sources */ = {isa = PBXBuildFile; fileRef = 34065CDB1A5AB2E60043919D /* ExecutionFilter.swift */; };
		346392C61A5FC3F300A32C80 /* IApiEnum.swift in Sources */ = {isa = PBXBuildFile; fileRef = 34065CDC1A5AB2E60043919D /* IApiEnum.swift */; };
		346392C71A5FC3F300A32C80 /* MaketDataType.swift in Sources */ = {isa = PBXBuildFile; fileRef = 34065CDD1A5AB2E60043919D /* MaketDataType.swift */; };
		346392C81A5FC3F300A32C80 /* Order.swift in Sources */ = {isa = PBXBuildFile; fileRef = 34065CDE1A5AB2E60043919D /* Order.swift */; };
		346392C91A5FC3F300A32C80 /* OrderComboLeg.swift in Sources */ = {isa = PBXBuildFile; fileRef = 34065CDF1A5AB2E60043919D /* OrderComboLeg.swift */; };
		346392CA1A5FC3F300A32C80 /* OrderState.swift in Sources */ = {isa = PBXBuildFile; fileRef = 34065CE01A5AB2E60043919D /* OrderState.swift */; };
		346392CB1A5FC3F300A32C80 /* ScannerSubscription.swift in Sources */ = {isa = PBXBuildFile; fileRef = 34065CE11A5AB2E60043919D /* ScannerSubscription.swift */; };
		346392CC1A5FC3F300A32C80 /* TagValue.swift in Sources */ = {isa = PBXBuildFile; fileRef = 34065CE21A5AB2E60043919D /* TagValue.swift */; };
		346392CD1A5FC3F300A32C80 /* TickType.swift in Sources */ = {isa = PBXBuildFile; fileRef = 34065CE31A5AB2E60043919D /* TickType.swift */; };
		346392CE1A5FC3F300A32C80 /* UnderComp.swift in Sources */ = {isa = PBXBuildFile; fileRef = 34065CE41A5AB2E60043919D /* UnderComp.swift */; };
		346392CF1A5FC3F300A32C80 /* Util.swift in Sources */ = {isa = PBXBuildFile; fileRef = 34065CD51A5AB2E60043919D /* Util.swift */; };
		346A7F201A5F89C300FDC603 /* SwiftIB.h in Headers */ = {isa = PBXBuildFile; fileRef = 346A7F1F1A5F89C300FDC603 /* SwiftIB.h */; settings = {ATTRIBUTES = (Public, ); }; };
		346A7F341A5F89CF00FDC603 /* AnyWrapper.swift in Sources */ = {isa = PBXBuildFile; fileRef = 34065CD01A5AB2E60043919D /* AnyWrapper.swift */; };
		346A7F351A5F89CF00FDC603 /* AnyWrapperMsgGenerator.swift in Sources */ = {isa = PBXBuildFile; fileRef = 34065CD61A5AB2E60043919D /* AnyWrapperMsgGenerator.swift */; };
		346A7F361A5F89CF00FDC603 /* Builder.swift in Sources */ = {isa = PBXBuildFile; fileRef = 34065CCE1A5AB2E60043919D /* Builder.swift */; };
		346A7F371A5F89CF00FDC603 /* ComboLeg.swift in Sources */ = {isa = PBXBuildFile; fileRef = 34065CD71A5AB2E60043919D /* ComboLeg.swift */; };
		346A7F381A5F89CF00FDC603 /* CommissionReport.swift in Sources */ = {isa = PBXBuildFile; fileRef = 34065CD31A5AB2E60043919D /* CommissionReport.swift */; };
		346A7F391A5F89CF00FDC603 /* Contract.swift in Sources */ = {isa = PBXBuildFile; fileRef = 34065CD81A5AB2E60043919D /* Contract.swift */; };
		346A7F3A1A5F89CF00FDC603 /* ContractDetails.swift in Sources */ = {isa = PBXBuildFile; fileRef = 34065CD91A5AB2E60043919D /* ContractDetails.swift */; };
		346A7F3B1A5F89CF00FDC603 /* EClientErrors.swift in Sources */ = {isa = PBXBuildFile; fileRef = 34065CD21A5AB2E60043919D /* EClientErrors.swift */; };
		346A7F3C1A5F89CF00FDC603 /* EClientSocket.swift in Sources */ = {isa = PBXBuildFile; fileRef = 34065CCD1A5AB2E60043919D /* EClientSocket.swift */; };
		346A7F3D1A5F89CF00FDC603 /* EReader.swift in Sources */ = {isa = PBXBuildFile; fileRef = 34065CCF1A5AB2E60043919D /* EReader.swift */; };
		346A7F3E1A5F89CF00FDC603 /* EWrapper.swift in Sources */ = {isa = PBXBuildFile; fileRef = 34065CD11A5AB2E60043919D /* EWrapper.swift */; };
		346A7F3F1A5F89CF00FDC603 /* EWrapperMsgGenerator.swift in Sources */ = {isa = PBXBuildFile; fileRef = 34065CD41A5AB2E60043919D /* EWrapperMsgGenerator.swift */; };
		346A7F401A5F89CF00FDC603 /* Execution.swift in Sources */ = {isa = PBXBuildFile; fileRef = 34065CDA1A5AB2E60043919D /* Execution.swift */; };
		346A7F411A5F89CF00FDC603 /* ExecutionFilter.swift in Sources */ = {isa = PBXBuildFile; fileRef = 34065CDB1A5AB2E60043919D /* ExecutionFilter.swift */; };
		346A7F421A5F89CF00FDC603 /* IApiEnum.swift in Sources */ = {isa = PBXBuildFile; fileRef = 34065CDC1A5AB2E60043919D /* IApiEnum.swift */; };
		346A7F431A5F89CF00FDC603 /* MaketDataType.swift in Sources */ = {isa = PBXBuildFile; fileRef = 34065CDD1A5AB2E60043919D /* MaketDataType.swift */; };
		346A7F441A5F89CF00FDC603 /* Order.swift in Sources */ = {isa = PBXBuildFile; fileRef = 34065CDE1A5AB2E60043919D /* Order.swift */; };
		346A7F451A5F89CF00FDC603 /* OrderComboLeg.swift in Sources */ = {isa = PBXBuildFile; fileRef = 34065CDF1A5AB2E60043919D /* OrderComboLeg.swift */; };
		346A7F461A5F89CF00FDC603 /* OrderState.swift in Sources */ = {isa = PBXBuildFile; fileRef = 34065CE01A5AB2E60043919D /* OrderState.swift */; };
		346A7F471A5F89CF00FDC603 /* ScannerSubscription.swift in Sources */ = {isa = PBXBuildFile; fileRef = 34065CE11A5AB2E60043919D /* ScannerSubscription.swift */; };
		346A7F481A5F89CF00FDC603 /* TagValue.swift in Sources */ = {isa = PBXBuildFile; fileRef = 34065CE21A5AB2E60043919D /* TagValue.swift */; };
		346A7F491A5F89CF00FDC603 /* TickType.swift in Sources */ = {isa = PBXBuildFile; fileRef = 34065CE31A5AB2E60043919D /* TickType.swift */; };
		346A7F4A1A5F89CF00FDC603 /* UnderComp.swift in Sources */ = {isa = PBXBuildFile; fileRef = 34065CE41A5AB2E60043919D /* UnderComp.swift */; };
		346A7F4B1A5F89CF00FDC603 /* Util.swift in Sources */ = {isa = PBXBuildFile; fileRef = 34065CD51A5AB2E60043919D /* Util.swift */; };
		34E5C74E1A54201E00FB117C /* main.swift in Sources */ = {isa = PBXBuildFile; fileRef = 34E5C74D1A54201E00FB117C /* main.swift */; };
/* End PBXBuildFile section */

/* Begin PBXCopyFilesBuildPhase section */
		34E5C7481A54201E00FB117C /* CopyFiles */ = {
			isa = PBXCopyFilesBuildPhase;
			buildActionMask = 2147483647;
			dstPath = /usr/share/man/man1/;
			dstSubfolderSpec = 0;
			files = (
			);
			runOnlyForDeploymentPostprocessing = 1;
		};
/* End PBXCopyFilesBuildPhase section */

/* Begin PBXFileReference section */
		34065CCD1A5AB2E60043919D /* EClientSocket.swift */ = {isa = PBXFileReference; fileEncoding = 4; lastKnownFileType = sourcecode.swift; path = EClientSocket.swift; sourceTree = "<group>"; };
		34065CCE1A5AB2E60043919D /* Builder.swift */ = {isa = PBXFileReference; fileEncoding = 4; lastKnownFileType = sourcecode.swift; path = Builder.swift; sourceTree = "<group>"; };
		34065CCF1A5AB2E60043919D /* EReader.swift */ = {isa = PBXFileReference; fileEncoding = 4; lastKnownFileType = sourcecode.swift; path = EReader.swift; sourceTree = "<group>"; };
		34065CD01A5AB2E60043919D /* AnyWrapper.swift */ = {isa = PBXFileReference; fileEncoding = 4; lastKnownFileType = sourcecode.swift; path = AnyWrapper.swift; sourceTree = "<group>"; };
		34065CD11A5AB2E60043919D /* EWrapper.swift */ = {isa = PBXFileReference; fileEncoding = 4; lastKnownFileType = sourcecode.swift; path = EWrapper.swift; sourceTree = "<group>"; };
		34065CD21A5AB2E60043919D /* EClientErrors.swift */ = {isa = PBXFileReference; fileEncoding = 4; lastKnownFileType = sourcecode.swift; path = EClientErrors.swift; sourceTree = "<group>"; };
		34065CD31A5AB2E60043919D /* CommissionReport.swift */ = {isa = PBXFileReference; fileEncoding = 4; lastKnownFileType = sourcecode.swift; path = CommissionReport.swift; sourceTree = "<group>"; };
		34065CD41A5AB2E60043919D /* EWrapperMsgGenerator.swift */ = {isa = PBXFileReference; fileEncoding = 4; lastKnownFileType = sourcecode.swift; path = EWrapperMsgGenerator.swift; sourceTree = "<group>"; };
		34065CD51A5AB2E60043919D /* Util.swift */ = {isa = PBXFileReference; fileEncoding = 4; lastKnownFileType = sourcecode.swift; path = Util.swift; sourceTree = "<group>"; };
		34065CD61A5AB2E60043919D /* AnyWrapperMsgGenerator.swift */ = {isa = PBXFileReference; fileEncoding = 4; lastKnownFileType = sourcecode.swift; path = AnyWrapperMsgGenerator.swift; sourceTree = "<group>"; };
		34065CD71A5AB2E60043919D /* ComboLeg.swift */ = {isa = PBXFileReference; fileEncoding = 4; lastKnownFileType = sourcecode.swift; path = ComboLeg.swift; sourceTree = "<group>"; };
		34065CD81A5AB2E60043919D /* Contract.swift */ = {isa = PBXFileReference; fileEncoding = 4; lastKnownFileType = sourcecode.swift; path = Contract.swift; sourceTree = "<group>"; };
		34065CD91A5AB2E60043919D /* ContractDetails.swift */ = {isa = PBXFileReference; fileEncoding = 4; lastKnownFileType = sourcecode.swift; path = ContractDetails.swift; sourceTree = "<group>"; };
		34065CDA1A5AB2E60043919D /* Execution.swift */ = {isa = PBXFileReference; fileEncoding = 4; lastKnownFileType = sourcecode.swift; path = Execution.swift; sourceTree = "<group>"; };
		34065CDB1A5AB2E60043919D /* ExecutionFilter.swift */ = {isa = PBXFileReference; fileEncoding = 4; lastKnownFileType = sourcecode.swift; path = ExecutionFilter.swift; sourceTree = "<group>"; };
		34065CDC1A5AB2E60043919D /* IApiEnum.swift */ = {isa = PBXFileReference; fileEncoding = 4; lastKnownFileType = sourcecode.swift; path = IApiEnum.swift; sourceTree = "<group>"; };
		34065CDD1A5AB2E60043919D /* MaketDataType.swift */ = {isa = PBXFileReference; fileEncoding = 4; lastKnownFileType = sourcecode.swift; path = MaketDataType.swift; sourceTree = "<group>"; };
		34065CDE1A5AB2E60043919D /* Order.swift */ = {isa = PBXFileReference; fileEncoding = 4; lastKnownFileType = sourcecode.swift; path = Order.swift; sourceTree = "<group>"; };
		34065CDF1A5AB2E60043919D /* OrderComboLeg.swift */ = {isa = PBXFileReference; fileEncoding = 4; lastKnownFileType = sourcecode.swift; path = OrderComboLeg.swift; sourceTree = "<group>"; };
		34065CE01A5AB2E60043919D /* OrderState.swift */ = {isa = PBXFileReference; fileEncoding = 4; lastKnownFileType = sourcecode.swift; path = OrderState.swift; sourceTree = "<group>"; };
		34065CE11A5AB2E60043919D /* ScannerSubscription.swift */ = {isa = PBXFileReference; fileEncoding = 4; lastKnownFileType = sourcecode.swift; path = ScannerSubscription.swift; sourceTree = "<group>"; };
		34065CE21A5AB2E60043919D /* TagValue.swift */ = {isa = PBXFileReference; fileEncoding = 4; lastKnownFileType = sourcecode.swift; path = TagValue.swift; sourceTree = "<group>"; };
		34065CE31A5AB2E60043919D /* TickType.swift */ = {isa = PBXFileReference; fileEncoding = 4; lastKnownFileType = sourcecode.swift; path = TickType.swift; sourceTree = "<group>"; };
		34065CE41A5AB2E60043919D /* UnderComp.swift */ = {isa = PBXFileReference; fileEncoding = 4; lastKnownFileType = sourcecode.swift; path = UnderComp.swift; sourceTree = "<group>"; };
		346A7F1B1A5F89C300FDC603 /* SwiftIB.framework */ = {isa = PBXFileReference; explicitFileType = wrapper.framework; includeInIndex = 0; path = SwiftIB.framework; sourceTree = BUILT_PRODUCTS_DIR; };
		346A7F1E1A5F89C300FDC603 /* Info.plist */ = {isa = PBXFileReference; lastKnownFileType = text.plist.xml; path = Info.plist; sourceTree = "<group>"; };
		346A7F1F1A5F89C300FDC603 /* SwiftIB.h */ = {isa = PBXFileReference; lastKnownFileType = sourcecode.c.h; path = SwiftIB.h; sourceTree = "<group>"; };
		34E5C74A1A54201E00FB117C /* MktDataDump */ = {isa = PBXFileReference; explicitFileType = "compiled.mach-o.executable"; includeInIndex = 0; path = MktDataDump; sourceTree = BUILT_PRODUCTS_DIR; };
		34E5C74D1A54201E00FB117C /* main.swift */ = {isa = PBXFileReference; lastKnownFileType = sourcecode.swift; path = main.swift; sourceTree = "<group>"; };
/* End PBXFileReference section */

/* Begin PBXFrameworksBuildPhase section */
		346A7F171A5F89C300FDC603 /* Frameworks */ = {
			isa = PBXFrameworksBuildPhase;
			buildActionMask = 2147483647;
			files = (
			);
			runOnlyForDeploymentPostprocessing = 0;
		};
		34E5C7471A54201E00FB117C /* Frameworks */ = {
			isa = PBXFrameworksBuildPhase;
			buildActionMask = 2147483647;
			files = (
			);
			runOnlyForDeploymentPostprocessing = 0;
		};
/* End PBXFrameworksBuildPhase section */

/* Begin PBXGroup section */
		3439F7BF1A54CA2F00B498D4 /* client */ = {
			isa = PBXGroup;
			children = (
				34065CD01A5AB2E60043919D /* AnyWrapper.swift */,
				34065CD61A5AB2E60043919D /* AnyWrapperMsgGenerator.swift */,
				34065CCE1A5AB2E60043919D /* Builder.swift */,
				34065CD71A5AB2E60043919D /* ComboLeg.swift */,
				34065CD31A5AB2E60043919D /* CommissionReport.swift */,
				34065CD81A5AB2E60043919D /* Contract.swift */,
				34065CD91A5AB2E60043919D /* ContractDetails.swift */,
				34065CD21A5AB2E60043919D /* EClientErrors.swift */,
				34065CCD1A5AB2E60043919D /* EClientSocket.swift */,
				34065CCF1A5AB2E60043919D /* EReader.swift */,
				34065CD11A5AB2E60043919D /* EWrapper.swift */,
				34065CD41A5AB2E60043919D /* EWrapperMsgGenerator.swift */,
				34065CDA1A5AB2E60043919D /* Execution.swift */,
				34065CDB1A5AB2E60043919D /* ExecutionFilter.swift */,
				34065CDC1A5AB2E60043919D /* IApiEnum.swift */,
				34065CDD1A5AB2E60043919D /* MaketDataType.swift */,
				34065CDE1A5AB2E60043919D /* Order.swift */,
				34065CDF1A5AB2E60043919D /* OrderComboLeg.swift */,
				34065CE01A5AB2E60043919D /* OrderState.swift */,
				34065CE11A5AB2E60043919D /* ScannerSubscription.swift */,
				34065CE21A5AB2E60043919D /* TagValue.swift */,
				34065CE31A5AB2E60043919D /* TickType.swift */,
				34065CE41A5AB2E60043919D /* UnderComp.swift */,
				34065CD51A5AB2E60043919D /* Util.swift */,
			);
			name = client;
			sourceTree = "<group>";
		};
		346A7EDF1A5F804800FDC603 /* MktDataDump */ = {
			isa = PBXGroup;
			children = (
				34E5C74D1A54201E00FB117C /* main.swift */,
			);
			name = MktDataDump;
			path = MktDataDumper;
			sourceTree = SOURCE_ROOT;
		};
		346A7F1C1A5F89C300FDC603 /* SwiftIB */ = {
			isa = PBXGroup;
			children = (
				3439F7BF1A54CA2F00B498D4 /* client */,
				346A7F1F1A5F89C300FDC603 /* SwiftIB.h */,
				346A7F1D1A5F89C300FDC603 /* Supporting Files */,
			);
			path = SwiftIB;
			sourceTree = "<group>";
		};
		346A7F1D1A5F89C300FDC603 /* Supporting Files */ = {
			isa = PBXGroup;
			children = (
				346A7F1E1A5F89C300FDC603 /* Info.plist */,
			);
			name = "Supporting Files";
			sourceTree = "<group>";
		};
		34E5C7411A54201E00FB117C = {
			isa = PBXGroup;
			children = (
				346A7EDF1A5F804800FDC603 /* MktDataDump */,
				346A7F1C1A5F89C300FDC603 /* SwiftIB */,
				34E5C74B1A54201E00FB117C /* Products */,
			);
			sourceTree = "<group>";
		};
		34E5C74B1A54201E00FB117C /* Products */ = {
			isa = PBXGroup;
			children = (
				34E5C74A1A54201E00FB117C /* MktDataDump */,
				346A7F1B1A5F89C300FDC603 /* SwiftIB.framework */,
			);
			name = Products;
			sourceTree = "<group>";
		};
/* End PBXGroup section */

/* Begin PBXHeadersBuildPhase section */
		346A7F181A5F89C300FDC603 /* Headers */ = {
			isa = PBXHeadersBuildPhase;
			buildActionMask = 2147483647;
			files = (
				346A7F201A5F89C300FDC603 /* SwiftIB.h in Headers */,
			);
			runOnlyForDeploymentPostprocessing = 0;
		};
/* End PBXHeadersBuildPhase section */

/* Begin PBXNativeTarget section */
		346A7F1A1A5F89C300FDC603 /* SwiftIB */ = {
			isa = PBXNativeTarget;
			buildConfigurationList = 346A7F2E1A5F89C300FDC603 /* Build configuration list for PBXNativeTarget "SwiftIB" */;
			buildPhases = (
				346A7F161A5F89C300FDC603 /* Sources */,
				346A7F171A5F89C300FDC603 /* Frameworks */,
				346A7F181A5F89C300FDC603 /* Headers */,
				346A7F191A5F89C300FDC603 /* Resources */,
			);
			buildRules = (
			);
			dependencies = (
			);
			name = SwiftIB;
			productName = SwiftIB;
			productReference = 346A7F1B1A5F89C300FDC603 /* SwiftIB.framework */;
			productType = "com.apple.product-type.framework";
		};
		34E5C7491A54201E00FB117C /* MktDataDump */ = {
			isa = PBXNativeTarget;
			buildConfigurationList = 34E5C7511A54201E00FB117C /* Build configuration list for PBXNativeTarget "MktDataDump" */;
			buildPhases = (
				34E5C7461A54201E00FB117C /* Sources */,
				34E5C7471A54201E00FB117C /* Frameworks */,
				34E5C7481A54201E00FB117C /* CopyFiles */,
			);
			buildRules = (
			);
			dependencies = (
			);
			name = MktDataDump;
			productName = SwiftIB;
			productReference = 34E5C74A1A54201E00FB117C /* MktDataDump */;
			productType = "com.apple.product-type.tool";
		};
/* End PBXNativeTarget section */

/* Begin PBXProject section */
		34E5C7421A54201E00FB117C /* Project object */ = {
			isa = PBXProject;
			attributes = {
				LastUpgradeCheck = 0610;
				ORGANIZATIONNAME = "Hanfei Li";
				TargetAttributes = {
					346A7F1A1A5F89C300FDC603 = {
						CreatedOnToolsVersion = 6.1.1;
					};
					34E5C7491A54201E00FB117C = {
						CreatedOnToolsVersion = 6.1.1;
					};
				};
			};
			buildConfigurationList = 34E5C7451A54201E00FB117C /* Build configuration list for PBXProject "SwiftIB" */;
			compatibilityVersion = "Xcode 3.2";
			developmentRegion = English;
			hasScannedForEncodings = 0;
			knownRegions = (
				en,
			);
			mainGroup = 34E5C7411A54201E00FB117C;
			productRefGroup = 34E5C74B1A54201E00FB117C /* Products */;
			projectDirPath = "";
			projectRoot = "";
			targets = (
				34E5C7491A54201E00FB117C /* MktDataDump */,
				346A7F1A1A5F89C300FDC603 /* SwiftIB */,
			);
		};
/* End PBXProject section */

/* Begin PBXResourcesBuildPhase section */
		346A7F191A5F89C300FDC603 /* Resources */ = {
			isa = PBXResourcesBuildPhase;
			buildActionMask = 2147483647;
			files = (
			);
			runOnlyForDeploymentPostprocessing = 0;
		};
/* End PBXResourcesBuildPhase section */

/* Begin PBXSourcesBuildPhase section */
		346A7F161A5F89C300FDC603 /* Sources */ = {
			isa = PBXSourcesBuildPhase;
			buildActionMask = 2147483647;
			files = (
				346A7F451A5F89CF00FDC603 /* OrderComboLeg.swift in Sources */,
				346A7F351A5F89CF00FDC603 /* AnyWrapperMsgGenerator.swift in Sources */,
				346A7F3A1A5F89CF00FDC603 /* ContractDetails.swift in Sources */,
				346A7F411A5F89CF00FDC603 /* ExecutionFilter.swift in Sources */,
				346A7F421A5F89CF00FDC603 /* IApiEnum.swift in Sources */,
				346A7F401A5F89CF00FDC603 /* Execution.swift in Sources */,
				346A7F371A5F89CF00FDC603 /* ComboLeg.swift in Sources */,
				346A7F441A5F89CF00FDC603 /* Order.swift in Sources */,
				346A7F4A1A5F89CF00FDC603 /* UnderComp.swift in Sources */,
				346A7F381A5F89CF00FDC603 /* CommissionReport.swift in Sources */,
				346A7F3D1A5F89CF00FDC603 /* EReader.swift in Sources */,
				346A7F3F1A5F89CF00FDC603 /* EWrapperMsgGenerator.swift in Sources */,
				346A7F471A5F89CF00FDC603 /* ScannerSubscription.swift in Sources */,
				346A7F391A5F89CF00FDC603 /* Contract.swift in Sources */,
				346A7F341A5F89CF00FDC603 /* AnyWrapper.swift in Sources */,
				346A7F3E1A5F89CF00FDC603 /* EWrapper.swift in Sources */,
				346A7F431A5F89CF00FDC603 /* MaketDataType.swift in Sources */,
				346A7F491A5F89CF00FDC603 /* TickType.swift in Sources */,
				346A7F361A5F89CF00FDC603 /* Builder.swift in Sources */,
				346A7F4B1A5F89CF00FDC603 /* Util.swift in Sources */,
				346A7F461A5F89CF00FDC603 /* OrderState.swift in Sources */,
				346A7F3C1A5F89CF00FDC603 /* EClientSocket.swift in Sources */,
				346A7F481A5F89CF00FDC603 /* TagValue.swift in Sources */,
				346A7F3B1A5F89CF00FDC603 /* EClientErrors.swift in Sources */,
			);
			runOnlyForDeploymentPostprocessing = 0;
		};
		34E5C7461A54201E00FB117C /* Sources */ = {
			isa = PBXSourcesBuildPhase;
			buildActionMask = 2147483647;
			files = (
				346392C11A5FC3F300A32C80 /* EReader.swift in Sources */,
				346392C61A5FC3F300A32C80 /* IApiEnum.swift in Sources */,
				346392C51A5FC3F300A32C80 /* ExecutionFilter.swift in Sources */,
				346392B81A5FC3F300A32C80 /* AnyWrapper.swift in Sources */,
				34E5C74E1A54201E00FB117C /* main.swift in Sources */,
				346392C91A5FC3F300A32C80 /* OrderComboLeg.swift in Sources */,
				346392B91A5FC3F300A32C80 /* AnyWrapperMsgGenerator.swift in Sources */,
				346392BA1A5FC3F300A32C80 /* Builder.swift in Sources */,
				346392BE1A5FC3F300A32C80 /* ContractDetails.swift in Sources */,
				346392C31A5FC3F300A32C80 /* EWrapperMsgGenerator.swift in Sources */,
				346392CD1A5FC3F300A32C80 /* TickType.swift in Sources */,
				346392C01A5FC3F300A32C80 /* EClientSocket.swift in Sources */,
				346392C21A5FC3F300A32C80 /* EWrapper.swift in Sources */,
				346392CA1A5FC3F300A32C80 /* OrderState.swift in Sources */,
				346392BC1A5FC3F300A32C80 /* CommissionReport.swift in Sources */,
				346392C81A5FC3F300A32C80 /* Order.swift in Sources */,
				346392C41A5FC3F300A32C80 /* Execution.swift in Sources */,
				346392CC1A5FC3F300A32C80 /* TagValue.swift in Sources */,
				346392CB1A5FC3F300A32C80 /* ScannerSubscription.swift in Sources */,
				346392C71A5FC3F300A32C80 /* MaketDataType.swift in Sources */,
				346392BD1A5FC3F300A32C80 /* Contract.swift in Sources */,
				346392BB1A5FC3F300A32C80 /* ComboLeg.swift in Sources */,
				346392CF1A5FC3F300A32C80 /* Util.swift in Sources */,
				346392BF1A5FC3F300A32C80 /* EClientErrors.swift in Sources */,
				346392CE1A5FC3F300A32C80 /* UnderComp.swift in Sources */,
			);
			runOnlyForDeploymentPostprocessing = 0;
		};
/* End PBXSourcesBuildPhase section */

/* Begin XCBuildConfiguration section */
		346A7F2F1A5F89C300FDC603 /* Debug */ = {
			isa = XCBuildConfiguration;
			buildSettings = {
				COMBINE_HIDPI_IMAGES = YES;
				CURRENT_PROJECT_VERSION = 1;
				DEFINES_MODULE = YES;
				DYLIB_COMPATIBILITY_VERSION = 1;
				DYLIB_CURRENT_VERSION = 1;
				DYLIB_INSTALL_NAME_BASE = "@rpath";
				EMBEDDED_CONTENT_CONTAINS_SWIFT = YES;
				FRAMEWORK_VERSION = A;
				GCC_PREPROCESSOR_DEFINITIONS = (
					"DEBUG=1",
					"$(inherited)",
				);
				INFOPLIST_FILE = SwiftIB/Info.plist;
				INSTALL_PATH = "$(LOCAL_LIBRARY_DIR)/Frameworks";
				LD_RUNPATH_SEARCH_PATHS = "$(inherited) @executable_path/../Frameworks @loader_path/Frameworks";
				PRODUCT_NAME = "$(TARGET_NAME)";
				SKIP_INSTALL = YES;
				VERSIONING_SYSTEM = "apple-generic";
				VERSION_INFO_PREFIX = "";
			};
			name = Debug;
		};
		346A7F301A5F89C300FDC603 /* Release */ = {
			isa = XCBuildConfiguration;
			buildSettings = {
				COMBINE_HIDPI_IMAGES = YES;
				CURRENT_PROJECT_VERSION = 1;
				DEFINES_MODULE = YES;
				DYLIB_COMPATIBILITY_VERSION = 1;
				DYLIB_CURRENT_VERSION = 1;
				DYLIB_INSTALL_NAME_BASE = "@rpath";
				EMBEDDED_CONTENT_CONTAINS_SWIFT = YES;
				FRAMEWORK_VERSION = A;
				INFOPLIST_FILE = SwiftIB/Info.plist;
				INSTALL_PATH = "$(LOCAL_LIBRARY_DIR)/Frameworks";
				LD_RUNPATH_SEARCH_PATHS = "$(inherited) @executable_path/../Frameworks @loader_path/Frameworks";
				PRODUCT_NAME = "$(TARGET_NAME)";
				SKIP_INSTALL = YES;
				VERSIONING_SYSTEM = "apple-generic";
				VERSION_INFO_PREFIX = "";
			};
			name = Release;
		};
		34E5C74F1A54201E00FB117C /* Debug */ = {
			isa = XCBuildConfiguration;
			buildSettings = {
				ALWAYS_SEARCH_USER_PATHS = NO;
				CLANG_CXX_LANGUAGE_STANDARD = "gnu++0x";
				CLANG_CXX_LIBRARY = "libc++";
				CLANG_ENABLE_MODULES = YES;
				CLANG_ENABLE_OBJC_ARC = YES;
				CLANG_WARN_BOOL_CONVERSION = YES;
				CLANG_WARN_CONSTANT_CONVERSION = YES;
				CLANG_WARN_DIRECT_OBJC_ISA_USAGE = YES_ERROR;
				CLANG_WARN_EMPTY_BODY = YES;
				CLANG_WARN_ENUM_CONVERSION = YES;
				CLANG_WARN_INT_CONVERSION = YES;
				CLANG_WARN_OBJC_ROOT_CLASS = YES_ERROR;
				CLANG_WARN_UNREACHABLE_CODE = YES;
				CLANG_WARN__DUPLICATE_METHOD_MATCH = YES;
				COPY_PHASE_STRIP = NO;
				ENABLE_STRICT_OBJC_MSGSEND = YES;
				GCC_C_LANGUAGE_STANDARD = gnu99;
				GCC_DYNAMIC_NO_PIC = NO;
				GCC_OPTIMIZATION_LEVEL = 0;
				GCC_PREPROCESSOR_DEFINITIONS = (
					"DEBUG=1",
					"$(inherited)",
				);
				GCC_SYMBOLS_PRIVATE_EXTERN = NO;
				GCC_WARN_64_TO_32_BIT_CONVERSION = YES;
				GCC_WARN_ABOUT_RETURN_TYPE = YES_ERROR;
				GCC_WARN_UNDECLARED_SELECTOR = YES;
				GCC_WARN_UNINITIALIZED_AUTOS = YES_AGGRESSIVE;
				GCC_WARN_UNUSED_FUNCTION = YES;
				GCC_WARN_UNUSED_VARIABLE = YES;
				MACOSX_DEPLOYMENT_TARGET = 10.10;
				MTL_ENABLE_DEBUG_INFO = YES;
				ONLY_ACTIVE_ARCH = YES;
				SDKROOT = macosx;
				SWIFT_OPTIMIZATION_LEVEL = "-Onone";
			};
			name = Debug;
		};
		34E5C7501A54201E00FB117C /* Release */ = {
			isa = XCBuildConfiguration;
			buildSettings = {
				ALWAYS_SEARCH_USER_PATHS = NO;
				CLANG_CXX_LANGUAGE_STANDARD = "gnu++0x";
				CLANG_CXX_LIBRARY = "libc++";
				CLANG_ENABLE_MODULES = YES;
				CLANG_ENABLE_OBJC_ARC = YES;
				CLANG_WARN_BOOL_CONVERSION = YES;
				CLANG_WARN_CONSTANT_CONVERSION = YES;
				CLANG_WARN_DIRECT_OBJC_ISA_USAGE = YES_ERROR;
				CLANG_WARN_EMPTY_BODY = YES;
				CLANG_WARN_ENUM_CONVERSION = YES;
				CLANG_WARN_INT_CONVERSION = YES;
				CLANG_WARN_OBJC_ROOT_CLASS = YES_ERROR;
				CLANG_WARN_UNREACHABLE_CODE = YES;
				CLANG_WARN__DUPLICATE_METHOD_MATCH = YES;
				COPY_PHASE_STRIP = YES;
				DEBUG_INFORMATION_FORMAT = "dwarf-with-dsym";
				ENABLE_NS_ASSERTIONS = NO;
				ENABLE_STRICT_OBJC_MSGSEND = YES;
				GCC_C_LANGUAGE_STANDARD = gnu99;
				GCC_WARN_64_TO_32_BIT_CONVERSION = YES;
				GCC_WARN_ABOUT_RETURN_TYPE = YES_ERROR;
				GCC_WARN_UNDECLARED_SELECTOR = YES;
				GCC_WARN_UNINITIALIZED_AUTOS = YES_AGGRESSIVE;
				GCC_WARN_UNUSED_FUNCTION = YES;
				GCC_WARN_UNUSED_VARIABLE = YES;
				MACOSX_DEPLOYMENT_TARGET = 10.10;
				MTL_ENABLE_DEBUG_INFO = NO;
				SDKROOT = macosx;
			};
			name = Release;
		};
		34E5C7521A54201E00FB117C /* Debug */ = {
			isa = XCBuildConfiguration;
			buildSettings = {
				EMBEDDED_CONTENT_CONTAINS_SWIFT = NO;
				PRODUCT_NAME = "$(TARGET_NAME)";
			};
			name = Debug;
		};
		34E5C7531A54201E00FB117C /* Release */ = {
			isa = XCBuildConfiguration;
			buildSettings = {
				EMBEDDED_CONTENT_CONTAINS_SWIFT = NO;
				PRODUCT_NAME = "$(TARGET_NAME)";
			};
			name = Release;
		};
/* End XCBuildConfiguration section */

/* Begin XCConfigurationList section */
		346A7F2E1A5F89C300FDC603 /* Build configuration list for PBXNativeTarget "SwiftIB" */ = {
			isa = XCConfigurationList;
			buildConfigurations = (
				346A7F2F1A5F89C300FDC603 /* Debug */,
				346A7F301A5F89C300FDC603 /* Release */,
			);
			defaultConfigurationIsVisible = 0;
			defaultConfigurationName = Release;
		};
		34E5C7451A54201E00FB117C /* Build configuration list for PBXProject "SwiftIB" */ = {
			isa = XCConfigurationList;
			buildConfigurations = (
				34E5C74F1A54201E00FB117C /* Debug */,
				34E5C7501A54201E00FB117C /* Release */,
			);
			defaultConfigurationIsVisible = 0;
			defaultConfigurationName = Release;
		};
		34E5C7511A54201E00FB117C /* Build configuration list for PBXNativeTarget "MktDataDump" */ = {
			isa = XCConfigurationList;
			buildConfigurations = (
				34E5C7521A54201E00FB117C /* Debug */,
				34E5C7531A54201E00FB117C /* Release */,
			);
			defaultConfigurationIsVisible = 0;
			defaultConfigurationName = Release;
		};
/* End XCConfigurationList section */
	};
	rootObject = 34E5C7421A54201E00FB117C /* Project object */;
}
