// !$*UTF8*$!
{
	archiveVersion = 1;
	classes = {
	};
	objectVersion = 46;
	objects = {

/* Begin PBXBuildFile section */
		34065CE51A5AB2E60043919D /* EClientSocket.swift in Sources */ = {isa = PBXBuildFile; fileRef = 34065CCD1A5AB2E60043919D /* EClientSocket.swift */; };
		34065CE61A5AB2E60043919D /* Builder.swift in Sources */ = {isa = PBXBuildFile; fileRef = 34065CCE1A5AB2E60043919D /* Builder.swift */; };
		34065CE71A5AB2E60043919D /* EReader.swift in Sources */ = {isa = PBXBuildFile; fileRef = 34065CCF1A5AB2E60043919D /* EReader.swift */; };
		34065CE81A5AB2E60043919D /* AnyWrapper.swift in Sources */ = {isa = PBXBuildFile; fileRef = 34065CD01A5AB2E60043919D /* AnyWrapper.swift */; };
		34065CE91A5AB2E60043919D /* EWrapper.swift in Sources */ = {isa = PBXBuildFile; fileRef = 34065CD11A5AB2E60043919D /* EWrapper.swift */; };
		34065CEA1A5AB2E60043919D /* EClientErrors.swift in Sources */ = {isa = PBXBuildFile; fileRef = 34065CD21A5AB2E60043919D /* EClientErrors.swift */; };
		34065CEB1A5AB2E60043919D /* CommissionReport.swift in Sources */ = {isa = PBXBuildFile; fileRef = 34065CD31A5AB2E60043919D /* CommissionReport.swift */; };
		34065CEC1A5AB2E60043919D /* EWrapperMsgGenerator.swift in Sources */ = {isa = PBXBuildFile; fileRef = 34065CD41A5AB2E60043919D /* EWrapperMsgGenerator.swift */; };
		34065CED1A5AB2E60043919D /* Util.swift in Sources */ = {isa = PBXBuildFile; fileRef = 34065CD51A5AB2E60043919D /* Util.swift */; };
		34065CEE1A5AB2E60043919D /* AnyWrapperMsgGenerator.swift in Sources */ = {isa = PBXBuildFile; fileRef = 34065CD61A5AB2E60043919D /* AnyWrapperMsgGenerator.swift */; };
		34065CEF1A5AB2E60043919D /* ComboLeg.swift in Sources */ = {isa = PBXBuildFile; fileRef = 34065CD71A5AB2E60043919D /* ComboLeg.swift */; };
		34065CF01A5AB2E60043919D /* Contract.swift in Sources */ = {isa = PBXBuildFile; fileRef = 34065CD81A5AB2E60043919D /* Contract.swift */; };
		34065CF11A5AB2E60043919D /* ContractDetails.swift in Sources */ = {isa = PBXBuildFile; fileRef = 34065CD91A5AB2E60043919D /* ContractDetails.swift */; };
		34065CF21A5AB2E60043919D /* Execution.swift in Sources */ = {isa = PBXBuildFile; fileRef = 34065CDA1A5AB2E60043919D /* Execution.swift */; };
		34065CF31A5AB2E60043919D /* ExecutionFilter.swift in Sources */ = {isa = PBXBuildFile; fileRef = 34065CDB1A5AB2E60043919D /* ExecutionFilter.swift */; };
		34065CF41A5AB2E60043919D /* IApiEnum.swift in Sources */ = {isa = PBXBuildFile; fileRef = 34065CDC1A5AB2E60043919D /* IApiEnum.swift */; };
		34065CF51A5AB2E60043919D /* MaketDataType.swift in Sources */ = {isa = PBXBuildFile; fileRef = 34065CDD1A5AB2E60043919D /* MaketDataType.swift */; };
		34065CF61A5AB2E60043919D /* Order.swift in Sources */ = {isa = PBXBuildFile; fileRef = 34065CDE1A5AB2E60043919D /* Order.swift */; };
		34065CF71A5AB2E60043919D /* OrderComboLeg.swift in Sources */ = {isa = PBXBuildFile; fileRef = 34065CDF1A5AB2E60043919D /* OrderComboLeg.swift */; };
		34065CF81A5AB2E60043919D /* OrderState.swift in Sources */ = {isa = PBXBuildFile; fileRef = 34065CE01A5AB2E60043919D /* OrderState.swift */; };
		34065CF91A5AB2E60043919D /* ScannerSubscription.swift in Sources */ = {isa = PBXBuildFile; fileRef = 34065CE11A5AB2E60043919D /* ScannerSubscription.swift */; };
		34065CFA1A5AB2E60043919D /* TagValue.swift in Sources */ = {isa = PBXBuildFile; fileRef = 34065CE21A5AB2E60043919D /* TagValue.swift */; };
		34065CFB1A5AB2E60043919D /* TickType.swift in Sources */ = {isa = PBXBuildFile; fileRef = 34065CE31A5AB2E60043919D /* TickType.swift */; };
		34065CFC1A5AB2E60043919D /* UnderComp.swift in Sources */ = {isa = PBXBuildFile; fileRef = 34065CE41A5AB2E60043919D /* UnderComp.swift */; };
		34E5C74E1A54201E00FB117C /* main.swift in Sources */ = {isa = PBXBuildFile; fileRef = 34E5C74D1A54201E00FB117C /* main.swift */; };
/* End PBXBuildFile section */

/* Begin PBXCopyFilesBuildPhase section */
		34E5C7481A54201E00FB117C /* CopyFiles */ = {
			isa = PBXCopyFilesBuildPhase;
			buildActionMask = 2147483647;
			dstPath = /usr/share/man/man1/;
			dstSubfolderSpec = 0;
			files = (
			);
			runOnlyForDeploymentPostprocessing = 1;
		};
/* End PBXCopyFilesBuildPhase section */

/* Begin PBXFileReference section */
		34055F831A57DF550056D899 /* SwiftIB-Bridging-Header.h */ = {isa = PBXFileReference; fileEncoding = 4; lastKnownFileType = sourcecode.c.h; path = "SwiftIB-Bridging-Header.h"; sourceTree = "<group>"; };
		34065CCD1A5AB2E60043919D /* EClientSocket.swift */ = {isa = PBXFileReference; fileEncoding = 4; lastKnownFileType = sourcecode.swift; path = EClientSocket.swift; sourceTree = "<group>"; };
		34065CCE1A5AB2E60043919D /* Builder.swift */ = {isa = PBXFileReference; fileEncoding = 4; lastKnownFileType = sourcecode.swift; path = Builder.swift; sourceTree = "<group>"; };
		34065CCF1A5AB2E60043919D /* EReader.swift */ = {isa = PBXFileReference; fileEncoding = 4; lastKnownFileType = sourcecode.swift; path = EReader.swift; sourceTree = "<group>"; };
		34065CD01A5AB2E60043919D /* AnyWrapper.swift */ = {isa = PBXFileReference; fileEncoding = 4; lastKnownFileType = sourcecode.swift; path = AnyWrapper.swift; sourceTree = "<group>"; };
		34065CD11A5AB2E60043919D /* EWrapper.swift */ = {isa = PBXFileReference; fileEncoding = 4; lastKnownFileType = sourcecode.swift; path = EWrapper.swift; sourceTree = "<group>"; };
		34065CD21A5AB2E60043919D /* EClientErrors.swift */ = {isa = PBXFileReference; fileEncoding = 4; lastKnownFileType = sourcecode.swift; path = EClientErrors.swift; sourceTree = "<group>"; };
		34065CD31A5AB2E60043919D /* CommissionReport.swift */ = {isa = PBXFileReference; fileEncoding = 4; lastKnownFileType = sourcecode.swift; path = CommissionReport.swift; sourceTree = "<group>"; };
		34065CD41A5AB2E60043919D /* EWrapperMsgGenerator.swift */ = {isa = PBXFileReference; fileEncoding = 4; lastKnownFileType = sourcecode.swift; path = EWrapperMsgGenerator.swift; sourceTree = "<group>"; };
		34065CD51A5AB2E60043919D /* Util.swift */ = {isa = PBXFileReference; fileEncoding = 4; lastKnownFileType = sourcecode.swift; path = Util.swift; sourceTree = "<group>"; };
		34065CD61A5AB2E60043919D /* AnyWrapperMsgGenerator.swift */ = {isa = PBXFileReference; fileEncoding = 4; lastKnownFileType = sourcecode.swift; path = AnyWrapperMsgGenerator.swift; sourceTree = "<group>"; };
		34065CD71A5AB2E60043919D /* ComboLeg.swift */ = {isa = PBXFileReference; fileEncoding = 4; lastKnownFileType = sourcecode.swift; path = ComboLeg.swift; sourceTree = "<group>"; };
		34065CD81A5AB2E60043919D /* Contract.swift */ = {isa = PBXFileReference; fileEncoding = 4; lastKnownFileType = sourcecode.swift; path = Contract.swift; sourceTree = "<group>"; };
		34065CD91A5AB2E60043919D /* ContractDetails.swift */ = {isa = PBXFileReference; fileEncoding = 4; lastKnownFileType = sourcecode.swift; path = ContractDetails.swift; sourceTree = "<group>"; };
		34065CDA1A5AB2E60043919D /* Execution.swift */ = {isa = PBXFileReference; fileEncoding = 4; lastKnownFileType = sourcecode.swift; path = Execution.swift; sourceTree = "<group>"; };
		34065CDB1A5AB2E60043919D /* ExecutionFilter.swift */ = {isa = PBXFileReference; fileEncoding = 4; lastKnownFileType = sourcecode.swift; path = ExecutionFilter.swift; sourceTree = "<group>"; };
		34065CDC1A5AB2E60043919D /* IApiEnum.swift */ = {isa = PBXFileReference; fileEncoding = 4; lastKnownFileType = sourcecode.swift; path = IApiEnum.swift; sourceTree = "<group>"; };
		34065CDD1A5AB2E60043919D /* MaketDataType.swift */ = {isa = PBXFileReference; fileEncoding = 4; lastKnownFileType = sourcecode.swift; path = MaketDataType.swift; sourceTree = "<group>"; };
		34065CDE1A5AB2E60043919D /* Order.swift */ = {isa = PBXFileReference; fileEncoding = 4; lastKnownFileType = sourcecode.swift; path = Order.swift; sourceTree = "<group>"; };
		34065CDF1A5AB2E60043919D /* OrderComboLeg.swift */ = {isa = PBXFileReference; fileEncoding = 4; lastKnownFileType = sourcecode.swift; path = OrderComboLeg.swift; sourceTree = "<group>"; };
		34065CE01A5AB2E60043919D /* OrderState.swift */ = {isa = PBXFileReference; fileEncoding = 4; lastKnownFileType = sourcecode.swift; path = OrderState.swift; sourceTree = "<group>"; };
		34065CE11A5AB2E60043919D /* ScannerSubscription.swift */ = {isa = PBXFileReference; fileEncoding = 4; lastKnownFileType = sourcecode.swift; path = ScannerSubscription.swift; sourceTree = "<group>"; };
		34065CE21A5AB2E60043919D /* TagValue.swift */ = {isa = PBXFileReference; fileEncoding = 4; lastKnownFileType = sourcecode.swift; path = TagValue.swift; sourceTree = "<group>"; };
		34065CE31A5AB2E60043919D /* TickType.swift */ = {isa = PBXFileReference; fileEncoding = 4; lastKnownFileType = sourcecode.swift; path = TickType.swift; sourceTree = "<group>"; };
		34065CE41A5AB2E60043919D /* UnderComp.swift */ = {isa = PBXFileReference; fileEncoding = 4; lastKnownFileType = sourcecode.swift; path = UnderComp.swift; sourceTree = "<group>"; };
		34E5C74A1A54201E00FB117C /* SwiftIB */ = {isa = PBXFileReference; explicitFileType = "compiled.mach-o.executable"; includeInIndex = 0; path = SwiftIB; sourceTree = BUILT_PRODUCTS_DIR; };
		34E5C74D1A54201E00FB117C /* main.swift */ = {isa = PBXFileReference; lastKnownFileType = sourcecode.swift; path = main.swift; sourceTree = "<group>"; };
/* End PBXFileReference section */

/* Begin PBXFrameworksBuildPhase section */
		34E5C7471A54201E00FB117C /* Frameworks */ = {
			isa = PBXFrameworksBuildPhase;
			buildActionMask = 2147483647;
			files = (
			);
			runOnlyForDeploymentPostprocessing = 0;
		};
/* End PBXFrameworksBuildPhase section */

/* Begin PBXGroup section */
		3439F7BF1A54CA2F00B498D4 /* client */ = {
			isa = PBXGroup;
			children = (
				34065CD01A5AB2E60043919D /* AnyWrapper.swift */,
				34065CD61A5AB2E60043919D /* AnyWrapperMsgGenerator.swift */,
				34065CCE1A5AB2E60043919D /* Builder.swift */,
				34065CD71A5AB2E60043919D /* ComboLeg.swift */,
				34065CD31A5AB2E60043919D /* CommissionReport.swift */,
				34065CD81A5AB2E60043919D /* Contract.swift */,
				34065CD91A5AB2E60043919D /* ContractDetails.swift */,
				34065CD21A5AB2E60043919D /* EClientErrors.swift */,
				34065CCD1A5AB2E60043919D /* EClientSocket.swift */,
				34065CCF1A5AB2E60043919D /* EReader.swift */,
				34065CD11A5AB2E60043919D /* EWrapper.swift */,
				34065CD41A5AB2E60043919D /* EWrapperMsgGenerator.swift */,
				34065CDA1A5AB2E60043919D /* Execution.swift */,
				34065CDB1A5AB2E60043919D /* ExecutionFilter.swift */,
				34065CDC1A5AB2E60043919D /* IApiEnum.swift */,
				34065CDD1A5AB2E60043919D /* MaketDataType.swift */,
				34065CDE1A5AB2E60043919D /* Order.swift */,
				34065CDF1A5AB2E60043919D /* OrderComboLeg.swift */,
				34065CE01A5AB2E60043919D /* OrderState.swift */,
				34065CE11A5AB2E60043919D /* ScannerSubscription.swift */,
				34065CE21A5AB2E60043919D /* TagValue.swift */,
				34065CE31A5AB2E60043919D /* TickType.swift */,
				34065CE41A5AB2E60043919D /* UnderComp.swift */,
				34065CD51A5AB2E60043919D /* Util.swift */,
			);
			name = client;
			sourceTree = "<group>";
		};
		34E5C7411A54201E00FB117C = {
			isa = PBXGroup;
			children = (
				34E5C74C1A54201E00FB117C /* SwiftIB */,
				34E5C74B1A54201E00FB117C /* Products */,
			);
			sourceTree = "<group>";
		};
		34E5C74B1A54201E00FB117C /* Products */ = {
			isa = PBXGroup;
			children = (
				34E5C74A1A54201E00FB117C /* SwiftIB */,
			);
			name = Products;
			sourceTree = "<group>";
		};
		34E5C74C1A54201E00FB117C /* SwiftIB */ = {
			isa = PBXGroup;
			children = (
				3439F7BF1A54CA2F00B498D4 /* client */,
				34E5C74D1A54201E00FB117C /* main.swift */,
				34055F831A57DF550056D899 /* SwiftIB-Bridging-Header.h */,
			);
			path = SwiftIB;
			sourceTree = "<group>";
		};
/* End PBXGroup section */

/* Begin PBXNativeTarget section */
		34E5C7491A54201E00FB117C /* SwiftIB */ = {
			isa = PBXNativeTarget;
			buildConfigurationList = 34E5C7511A54201E00FB117C /* Build configuration list for PBXNativeTarget "SwiftIB" */;
			buildPhases = (
				34E5C7461A54201E00FB117C /* Sources */,
				34E5C7471A54201E00FB117C /* Frameworks */,
				34E5C7481A54201E00FB117C /* CopyFiles */,
			);
			buildRules = (
			);
			dependencies = (
			);
			name = SwiftIB;
			productName = SwiftIB;
			productReference = 34E5C74A1A54201E00FB117C /* SwiftIB */;
			productType = "com.apple.product-type.tool";
		};
/* End PBXNativeTarget section */

/* Begin PBXProject section */
		34E5C7421A54201E00FB117C /* Project object */ = {
			isa = PBXProject;
			attributes = {
				LastUpgradeCheck = 0610;
				ORGANIZATIONNAME = "Hanfei Li";
				TargetAttributes = {
					34E5C7491A54201E00FB117C = {
						CreatedOnToolsVersion = 6.1.1;
					};
				};
			};
			buildConfigurationList = 34E5C7451A54201E00FB117C /* Build configuration list for PBXProject "SwiftIB" */;
			compatibilityVersion = "Xcode 3.2";
			developmentRegion = English;
			hasScannedForEncodings = 0;
			knownRegions = (
				en,
			);
			mainGroup = 34E5C7411A54201E00FB117C;
			productRefGroup = 34E5C74B1A54201E00FB117C /* Products */;
			projectDirPath = "";
			projectRoot = "";
			targets = (
				34E5C7491A54201E00FB117C /* SwiftIB */,
			);
		};
/* End PBXProject section */

/* Begin PBXSourcesBuildPhase section */
		34E5C7461A54201E00FB117C /* Sources */ = {
			isa = PBXSourcesBuildPhase;
			buildActionMask = 2147483647;
			files = (
				34065CF41A5AB2E60043919D /* IApiEnum.swift in Sources */,
				34065CE71A5AB2E60043919D /* EReader.swift in Sources */,
				34065CF71A5AB2E60043919D /* OrderComboLeg.swift in Sources */,
				34065CEF1A5AB2E60043919D /* ComboLeg.swift in Sources */,
				34065CF61A5AB2E60043919D /* Order.swift in Sources */,
				34065CE91A5AB2E60043919D /* EWrapper.swift in Sources */,
				34065CFB1A5AB2E60043919D /* TickType.swift in Sources */,
				34065CFC1A5AB2E60043919D /* UnderComp.swift in Sources */,
				34E5C74E1A54201E00FB117C /* main.swift in Sources */,
				34065CF01A5AB2E60043919D /* Contract.swift in Sources */,
				34065CE81A5AB2E60043919D /* AnyWrapper.swift in Sources */,
				34065CF21A5AB2E60043919D /* Execution.swift in Sources */,
				34065CEE1A5AB2E60043919D /* AnyWrapperMsgGenerator.swift in Sources */,
				34065CF91A5AB2E60043919D /* ScannerSubscription.swift in Sources */,
				34065CEA1A5AB2E60043919D /* EClientErrors.swift in Sources */,
				34065CF11A5AB2E60043919D /* ContractDetails.swift in Sources */,
				34065CF31A5AB2E60043919D /* ExecutionFilter.swift in Sources */,
				34065CEC1A5AB2E60043919D /* EWrapperMsgGenerator.swift in Sources */,
				34065CE51A5AB2E60043919D /* EClientSocket.swift in Sources */,
				34065CF81A5AB2E60043919D /* OrderState.swift in Sources */,
				34065CED1A5AB2E60043919D /* Util.swift in Sources */,
				34065CEB1A5AB2E60043919D /* CommissionReport.swift in Sources */,
				34065CF51A5AB2E60043919D /* MaketDataType.swift in Sources */,
				34065CFA1A5AB2E60043919D /* TagValue.swift in Sources */,
				34065CE61A5AB2E60043919D /* Builder.swift in Sources */,
			);
			runOnlyForDeploymentPostprocessing = 0;
		};
/* End PBXSourcesBuildPhase section */

/* Begin XCBuildConfiguration section */
		34E5C74F1A54201E00FB117C /* Debug */ = {
			isa = XCBuildConfiguration;
			buildSettings = {
				ALWAYS_SEARCH_USER_PATHS = NO;
				CLANG_CXX_LANGUAGE_STANDARD = "gnu++0x";
				CLANG_CXX_LIBRARY = "libc++";
				CLANG_ENABLE_MODULES = YES;
				CLANG_ENABLE_OBJC_ARC = YES;
				CLANG_WARN_BOOL_CONVERSION = YES;
				CLANG_WARN_CONSTANT_CONVERSION = YES;
				CLANG_WARN_DIRECT_OBJC_ISA_USAGE = YES_ERROR;
				CLANG_WARN_EMPTY_BODY = YES;
				CLANG_WARN_ENUM_CONVERSION = YES;
				CLANG_WARN_INT_CONVERSION = YES;
				CLANG_WARN_OBJC_ROOT_CLASS = YES_ERROR;
				CLANG_WARN_UNREACHABLE_CODE = YES;
				CLANG_WARN__DUPLICATE_METHOD_MATCH = YES;
				COPY_PHASE_STRIP = NO;
				ENABLE_STRICT_OBJC_MSGSEND = YES;
				GCC_C_LANGUAGE_STANDARD = gnu99;
				GCC_DYNAMIC_NO_PIC = NO;
				GCC_OPTIMIZATION_LEVEL = 0;
				GCC_PREPROCESSOR_DEFINITIONS = (
					"DEBUG=1",
					"$(inherited)",
				);
				GCC_SYMBOLS_PRIVATE_EXTERN = NO;
				GCC_WARN_64_TO_32_BIT_CONVERSION = YES;
				GCC_WARN_ABOUT_RETURN_TYPE = YES_ERROR;
				GCC_WARN_UNDECLARED_SELECTOR = YES;
				GCC_WARN_UNINITIALIZED_AUTOS = YES_AGGRESSIVE;
				GCC_WARN_UNUSED_FUNCTION = YES;
				GCC_WARN_UNUSED_VARIABLE = YES;
				MACOSX_DEPLOYMENT_TARGET = 10.10;
				MTL_ENABLE_DEBUG_INFO = YES;
				ONLY_ACTIVE_ARCH = YES;
				SDKROOT = macosx;
				SWIFT_OPTIMIZATION_LEVEL = "-Onone";
			};
			name = Debug;
		};
		34E5C7501A54201E00FB117C /* Release */ = {
			isa = XCBuildConfiguration;
			buildSettings = {
				ALWAYS_SEARCH_USER_PATHS = NO;
				CLANG_CXX_LANGUAGE_STANDARD = "gnu++0x";
				CLANG_CXX_LIBRARY = "libc++";
				CLANG_ENABLE_MODULES = YES;
				CLANG_ENABLE_OBJC_ARC = YES;
				CLANG_WARN_BOOL_CONVERSION = YES;
				CLANG_WARN_CONSTANT_CONVERSION = YES;
				CLANG_WARN_DIRECT_OBJC_ISA_USAGE = YES_ERROR;
				CLANG_WARN_EMPTY_BODY = YES;
				CLANG_WARN_ENUM_CONVERSION = YES;
				CLANG_WARN_INT_CONVERSION = YES;
				CLANG_WARN_OBJC_ROOT_CLASS = YES_ERROR;
				CLANG_WARN_UNREACHABLE_CODE = YES;
				CLANG_WARN__DUPLICATE_METHOD_MATCH = YES;
				COPY_PHASE_STRIP = YES;
				DEBUG_INFORMATION_FORMAT = "dwarf-with-dsym";
				ENABLE_NS_ASSERTIONS = NO;
				ENABLE_STRICT_OBJC_MSGSEND = YES;
				GCC_C_LANGUAGE_STANDARD = gnu99;
				GCC_WARN_64_TO_32_BIT_CONVERSION = YES;
				GCC_WARN_ABOUT_RETURN_TYPE = YES_ERROR;
				GCC_WARN_UNDECLARED_SELECTOR = YES;
				GCC_WARN_UNINITIALIZED_AUTOS = YES_AGGRESSIVE;
				GCC_WARN_UNUSED_FUNCTION = YES;
				GCC_WARN_UNUSED_VARIABLE = YES;
				MACOSX_DEPLOYMENT_TARGET = 10.10;
				MTL_ENABLE_DEBUG_INFO = NO;
				SDKROOT = macosx;
			};
			name = Release;
		};
		34E5C7521A54201E00FB117C /* Debug */ = {
			isa = XCBuildConfiguration;
			buildSettings = {
				PRODUCT_NAME = "$(TARGET_NAME)";
				SWIFT_OBJC_BRIDGING_HEADER = "${SRCROOT}/SwiftIB/SwiftIB-Bridging-Header.h";
			};
			name = Debug;
		};
		34E5C7531A54201E00FB117C /* Release */ = {
			isa = XCBuildConfiguration;
			buildSettings = {
				PRODUCT_NAME = "$(TARGET_NAME)";
				SWIFT_OBJC_BRIDGING_HEADER = "${SRCROOT}/SwiftIB/SwiftIB-Bridging-Header.h";
			};
			name = Release;
		};
/* End XCBuildConfiguration section */

/* Begin XCConfigurationList section */
		34E5C7451A54201E00FB117C /* Build configuration list for PBXProject "SwiftIB" */ = {
			isa = XCConfigurationList;
			buildConfigurations = (
				34E5C74F1A54201E00FB117C /* Debug */,
				34E5C7501A54201E00FB117C /* Release */,
			);
			defaultConfigurationIsVisible = 0;
			defaultConfigurationName = Release;
		};
		34E5C7511A54201E00FB117C /* Build configuration list for PBXNativeTarget "SwiftIB" */ = {
			isa = XCConfigurationList;
			buildConfigurations = (
				34E5C7521A54201E00FB117C /* Debug */,
				34E5C7531A54201E00FB117C /* Release */,
			);
			defaultConfigurationIsVisible = 0;
			defaultConfigurationName = Release;
		};
/* End XCConfigurationList section */
	};
	rootObject = 34E5C7421A54201E00FB117C /* Project object */;
}
